// !$*UTF8*$!
{
	archiveVersion = 1;
	classes = {
	};
	objectVersion = 50;
	objects = {

/* Begin PBXBuildFile section */
		0436D0D026E75FC20081E745 /* SignleCycleLinkedList.swift in Sources */ = {isa = PBXBuildFile; fileRef = 0436D0CF26E75FC20081E745 /* SignleCycleLinkedList.swift */; };
		0436D15826E9B1F90081E745 /* Stack.swift in Sources */ = {isa = PBXBuildFile; fileRef = 0436D15726E9B1F90081E745 /* Stack.swift */; };
		04964E3D26A6C5E600896762 /* main.swift in Sources */ = {isa = PBXBuildFile; fileRef = 04964E3C26A6C5E600896762 /* main.swift */; };
		04964E4626A6C66500896762 /* SignleLinkedList.swift in Sources */ = {isa = PBXBuildFile; fileRef = 04964E4526A6C66500896762 /* SignleLinkedList.swift */; };
		04964E4B26A71A4800896762 /* Person.swift in Sources */ = {isa = PBXBuildFile; fileRef = 04964E4A26A71A4800896762 /* Person.swift */; };
		04BDB68126CFADBF00D5FC4A /* CycleLinkedList.swift in Sources */ = {isa = PBXBuildFile; fileRef = 04BDB68026CFADBF00D5FC4A /* CycleLinkedList.swift */; };
		482B092627BE75DA00267A22 /* Queue.swift in Sources */ = {isa = PBXBuildFile; fileRef = 482B092527BE75DA00267A22 /* Queue.swift */; };
		4866164C27C64FCC0075D998 /* CycleQueue.swift in Sources */ = {isa = PBXBuildFile; fileRef = 4866164B27C64FCC0075D998 /* CycleQueue.swift */; };
		48B24F6C27C507FC00F0E928 /* Deque.swift in Sources */ = {isa = PBXBuildFile; fileRef = 48B24F6B27C507FC00F0E928 /* Deque.swift */; };
/* End PBXBuildFile section */

/* Begin PBXCopyFilesBuildPhase section */
		04964E3726A6C5E600896762 /* CopyFiles */ = {
			isa = PBXCopyFilesBuildPhase;
			buildActionMask = 2147483647;
			dstPath = /usr/share/man/man1/;
			dstSubfolderSpec = 0;
			files = (
			);
			runOnlyForDeploymentPostprocessing = 1;
		};
/* End PBXCopyFilesBuildPhase section */

/* Begin PBXFileReference section */
		0436D0CF26E75FC20081E745 /* SignleCycleLinkedList.swift */ = {isa = PBXFileReference; lastKnownFileType = sourcecode.swift; path = SignleCycleLinkedList.swift; sourceTree = "<group>"; };
		0436D15726E9B1F90081E745 /* Stack.swift */ = {isa = PBXFileReference; lastKnownFileType = sourcecode.swift; path = Stack.swift; sourceTree = "<group>"; };
		04964E3926A6C5E600896762 /* Hello Algorithm */ = {isa = PBXFileReference; explicitFileType = "compiled.mach-o.executable"; includeInIndex = 0; path = "Hello Algorithm"; sourceTree = BUILT_PRODUCTS_DIR; };
		04964E3C26A6C5E600896762 /* main.swift */ = {isa = PBXFileReference; lastKnownFileType = sourcecode.swift; path = main.swift; sourceTree = "<group>"; };
		04964E4526A6C66500896762 /* SignleLinkedList.swift */ = {isa = PBXFileReference; lastKnownFileType = sourcecode.swift; path = SignleLinkedList.swift; sourceTree = "<group>"; };
		04964E4A26A71A4800896762 /* Person.swift */ = {isa = PBXFileReference; lastKnownFileType = sourcecode.swift; path = Person.swift; sourceTree = "<group>"; };
		04BDB68026CFADBF00D5FC4A /* CycleLinkedList.swift */ = {isa = PBXFileReference; lastKnownFileType = sourcecode.swift; path = CycleLinkedList.swift; sourceTree = "<group>"; };
		482B092527BE75DA00267A22 /* Queue.swift */ = {isa = PBXFileReference; lastKnownFileType = sourcecode.swift; path = Queue.swift; sourceTree = "<group>"; };
		4866164B27C64FCC0075D998 /* CycleQueue.swift */ = {isa = PBXFileReference; lastKnownFileType = sourcecode.swift; path = CycleQueue.swift; sourceTree = "<group>"; };
		48B24F6B27C507FC00F0E928 /* Deque.swift */ = {isa = PBXFileReference; lastKnownFileType = sourcecode.swift; path = Deque.swift; sourceTree = "<group>"; };
/* End PBXFileReference section */

/* Begin PBXFrameworksBuildPhase section */
		04964E3626A6C5E600896762 /* Frameworks */ = {
			isa = PBXFrameworksBuildPhase;
			buildActionMask = 2147483647;
			files = (
			);
			runOnlyForDeploymentPostprocessing = 0;
		};
/* End PBXFrameworksBuildPhase section */

/* Begin PBXGroup section */
		0436D15626E9B1D50081E745 /* 栈 */ = {
			isa = PBXGroup;
			children = (
				0436D15726E9B1F90081E745 /* Stack.swift */,
			);
			path = "栈";
			sourceTree = "<group>";
		};
		04964E3026A6C5E600896762 = {
			isa = PBXGroup;
			children = (
				04964E3B26A6C5E600896762 /* Hello Algorithm */,
				04964E3A26A6C5E600896762 /* Products */,
			);
			sourceTree = "<group>";
		};
		04964E3A26A6C5E600896762 /* Products */ = {
			isa = PBXGroup;
			children = (
				04964E3926A6C5E600896762 /* Hello Algorithm */,
			);
			name = Products;
			sourceTree = "<group>";
		};
		04964E3B26A6C5E600896762 /* Hello Algorithm */ = {
			isa = PBXGroup;
			children = (
				482B092427BE755400267A22 /* 队列 */,
				0436D15626E9B1D50081E745 /* 栈 */,
				04964E4926A71A3700896762 /* Utils&Test */,
				04964E4426A6C5FD00896762 /* 链表 */,
				04964E3C26A6C5E600896762 /* main.swift */,
			);
			path = "Hello Algorithm";
			sourceTree = "<group>";
		};
		04964E4426A6C5FD00896762 /* 链表 */ = {
			isa = PBXGroup;
			children = (
				04964E4526A6C66500896762 /* SignleLinkedList.swift */,
				04BDB68026CFADBF00D5FC4A /* CycleLinkedList.swift */,
				0436D0CF26E75FC20081E745 /* SignleCycleLinkedList.swift */,
			);
			path = "链表";
			sourceTree = "<group>";
		};
		04964E4926A71A3700896762 /* Utils&Test */ = {
			isa = PBXGroup;
			children = (
				04964E4A26A71A4800896762 /* Person.swift */,
			);
			path = "Utils&Test";
			sourceTree = "<group>";
		};
		482B092427BE755400267A22 /* 队列 */ = {
			isa = PBXGroup;
			children = (
				482B092527BE75DA00267A22 /* Queue.swift */,
				48B24F6B27C507FC00F0E928 /* Deque.swift */,
				4866164B27C64FCC0075D998 /* CycleQueue.swift */,
			);
			path = "队列";
			sourceTree = "<group>";
		};
/* End PBXGroup section */

/* Begin PBXNativeTarget section */
		04964E3826A6C5E600896762 /* Hello Algorithm */ = {
			isa = PBXNativeTarget;
			buildConfigurationList = 04964E4026A6C5E600896762 /* Build configuration list for PBXNativeTarget "Hello Algorithm" */;
			buildPhases = (
				04964E3526A6C5E600896762 /* Sources */,
				04964E3626A6C5E600896762 /* Frameworks */,
				04964E3726A6C5E600896762 /* CopyFiles */,
			);
			buildRules = (
			);
			dependencies = (
			);
			name = "Hello Algorithm";
			productName = "Hello Algorithm";
			productReference = 04964E3926A6C5E600896762 /* Hello Algorithm */;
			productType = "com.apple.product-type.tool";
		};
/* End PBXNativeTarget section */

/* Begin PBXProject section */
		04964E3126A6C5E600896762 /* Project object */ = {
			isa = PBXProject;
			attributes = {
				LastSwiftUpdateCheck = 1230;
				LastUpgradeCheck = 1230;
				TargetAttributes = {
					04964E3826A6C5E600896762 = {
						CreatedOnToolsVersion = 12.3;
					};
				};
			};
			buildConfigurationList = 04964E3426A6C5E600896762 /* Build configuration list for PBXProject "Hello Algorithm" */;
			compatibilityVersion = "Xcode 9.3";
			developmentRegion = en;
			hasScannedForEncodings = 0;
			knownRegions = (
				en,
				Base,
			);
			mainGroup = 04964E3026A6C5E600896762;
			productRefGroup = 04964E3A26A6C5E600896762 /* Products */;
			projectDirPath = "";
			projectRoot = "";
			targets = (
				04964E3826A6C5E600896762 /* Hello Algorithm */,
			);
		};
/* End PBXProject section */

/* Begin PBXSourcesBuildPhase section */
		04964E3526A6C5E600896762 /* Sources */ = {
			isa = PBXSourcesBuildPhase;
			buildActionMask = 2147483647;
			files = (
				04964E4B26A71A4800896762 /* Person.swift in Sources */,
				482B092627BE75DA00267A22 /* Queue.swift in Sources */,
				4866164C27C64FCC0075D998 /* CycleQueue.swift in Sources */,
				48B24F6C27C507FC00F0E928 /* Deque.swift in Sources */,
				04964E4626A6C66500896762 /* SignleLinkedList.swift in Sources */,
				0436D0D026E75FC20081E745 /* SignleCycleLinkedList.swift in Sources */,
				04964E3D26A6C5E600896762 /* main.swift in Sources */,
				0436D15826E9B1F90081E745 /* Stack.swift in Sources */,
				04BDB68126CFADBF00D5FC4A /* CycleLinkedList.swift in Sources */,
			);
			runOnlyForDeploymentPostprocessing = 0;
		};
/* End PBXSourcesBuildPhase section */

/* Begin XCBuildConfiguration section */
		04964E3E26A6C5E600896762 /* Debug */ = {
			isa = XCBuildConfiguration;
			buildSettings = {
				ALWAYS_SEARCH_USER_PATHS = NO;
				CLANG_ANALYZER_NONNULL = YES;
				CLANG_ANALYZER_NUMBER_OBJECT_CONVERSION = YES_AGGRESSIVE;
				CLANG_CXX_LANGUAGE_STANDARD = "gnu++14";
				CLANG_CXX_LIBRARY = "libc++";
				CLANG_ENABLE_MODULES = YES;
				CLANG_ENABLE_OBJC_ARC = YES;
				CLANG_ENABLE_OBJC_WEAK = YES;
				CLANG_WARN_BLOCK_CAPTURE_AUTORELEASING = YES;
				CLANG_WARN_BOOL_CONVERSION = YES;
				CLANG_WARN_COMMA = YES;
				CLANG_WARN_CONSTANT_CONVERSION = YES;
				CLANG_WARN_DEPRECATED_OBJC_IMPLEMENTATIONS = YES;
				CLANG_WARN_DIRECT_OBJC_ISA_USAGE = YES_ERROR;
				CLANG_WARN_DOCUMENTATION_COMMENTS = YES;
				CLANG_WARN_EMPTY_BODY = YES;
				CLANG_WARN_ENUM_CONVERSION = YES;
				CLANG_WARN_INFINITE_RECURSION = YES;
				CLANG_WARN_INT_CONVERSION = YES;
				CLANG_WARN_NON_LITERAL_NULL_CONVERSION = YES;
				CLANG_WARN_OBJC_IMPLICIT_RETAIN_SELF = YES;
				CLANG_WARN_OBJC_LITERAL_CONVERSION = YES;
				CLANG_WARN_OBJC_ROOT_CLASS = YES_ERROR;
				CLANG_WARN_QUOTED_INCLUDE_IN_FRAMEWORK_HEADER = YES;
				CLANG_WARN_RANGE_LOOP_ANALYSIS = YES;
				CLANG_WARN_STRICT_PROTOTYPES = YES;
				CLANG_WARN_SUSPICIOUS_MOVE = YES;
				CLANG_WARN_UNGUARDED_AVAILABILITY = YES_AGGRESSIVE;
				CLANG_WARN_UNREACHABLE_CODE = YES;
				CLANG_WARN__DUPLICATE_METHOD_MATCH = YES;
				COPY_PHASE_STRIP = NO;
				DEBUG_INFORMATION_FORMAT = dwarf;
				ENABLE_STRICT_OBJC_MSGSEND = YES;
				ENABLE_TESTABILITY = YES;
				GCC_C_LANGUAGE_STANDARD = gnu11;
				GCC_DYNAMIC_NO_PIC = NO;
				GCC_NO_COMMON_BLOCKS = YES;
				GCC_OPTIMIZATION_LEVEL = 0;
				GCC_PREPROCESSOR_DEFINITIONS = (
					"DEBUG=1",
					"$(inherited)",
				);
				GCC_WARN_64_TO_32_BIT_CONVERSION = YES;
				GCC_WARN_ABOUT_RETURN_TYPE = YES_ERROR;
				GCC_WARN_UNDECLARED_SELECTOR = YES;
				GCC_WARN_UNINITIALIZED_AUTOS = YES_AGGRESSIVE;
				GCC_WARN_UNUSED_FUNCTION = YES;
				GCC_WARN_UNUSED_VARIABLE = YES;
				MACOSX_DEPLOYMENT_TARGET = 10.15;
				MTL_ENABLE_DEBUG_INFO = INCLUDE_SOURCE;
				MTL_FAST_MATH = YES;
				ONLY_ACTIVE_ARCH = YES;
				SDKROOT = macosx;
				SWIFT_ACTIVE_COMPILATION_CONDITIONS = DEBUG;
				SWIFT_OPTIMIZATION_LEVEL = "-Onone";
			};
			name = Debug;
		};
		04964E3F26A6C5E600896762 /* Release */ = {
			isa = XCBuildConfiguration;
			buildSettings = {
				ALWAYS_SEARCH_USER_PATHS = NO;
				CLANG_ANALYZER_NONNULL = YES;
				CLANG_ANALYZER_NUMBER_OBJECT_CONVERSION = YES_AGGRESSIVE;
				CLANG_CXX_LANGUAGE_STANDARD = "gnu++14";
				CLANG_CXX_LIBRARY = "libc++";
				CLANG_ENABLE_MODULES = YES;
				CLANG_ENABLE_OBJC_ARC = YES;
				CLANG_ENABLE_OBJC_WEAK = YES;
				CLANG_WARN_BLOCK_CAPTURE_AUTORELEASING = YES;
				CLANG_WARN_BOOL_CONVERSION = YES;
				CLANG_WARN_COMMA = YES;
				CLANG_WARN_CONSTANT_CONVERSION = YES;
				CLANG_WARN_DEPRECATED_OBJC_IMPLEMENTATIONS = YES;
				CLANG_WARN_DIRECT_OBJC_ISA_USAGE = YES_ERROR;
				CLANG_WARN_DOCUMENTATION_COMMENTS = YES;
				CLANG_WARN_EMPTY_BODY = YES;
				CLANG_WARN_ENUM_CONVERSION = YES;
				CLANG_WARN_INFINITE_RECURSION = YES;
				CLANG_WARN_INT_CONVERSION = YES;
				CLANG_WARN_NON_LITERAL_NULL_CONVERSION = YES;
				CLANG_WARN_OBJC_IMPLICIT_RETAIN_SELF = YES;
				CLANG_WARN_OBJC_LITERAL_CONVERSION = YES;
				CLANG_WARN_OBJC_ROOT_CLASS = YES_ERROR;
				CLANG_WARN_QUOTED_INCLUDE_IN_FRAMEWORK_HEADER = YES;
				CLANG_WARN_RANGE_LOOP_ANALYSIS = YES;
				CLANG_WARN_STRICT_PROTOTYPES = YES;
				CLANG_WARN_SUSPICIOUS_MOVE = YES;
				CLANG_WARN_UNGUARDED_AVAILABILITY = YES_AGGRESSIVE;
				CLANG_WARN_UNREACHABLE_CODE = YES;
				CLANG_WARN__DUPLICATE_METHOD_MATCH = YES;
				COPY_PHASE_STRIP = NO;
				DEBUG_INFORMATION_FORMAT = "dwarf-with-dsym";
				ENABLE_NS_ASSERTIONS = NO;
				ENABLE_STRICT_OBJC_MSGSEND = YES;
				GCC_C_LANGUAGE_STANDARD = gnu11;
				GCC_NO_COMMON_BLOCKS = YES;
				GCC_WARN_64_TO_32_BIT_CONVERSION = YES;
				GCC_WARN_ABOUT_RETURN_TYPE = YES_ERROR;
				GCC_WARN_UNDECLARED_SELECTOR = YES;
				GCC_WARN_UNINITIALIZED_AUTOS = YES_AGGRESSIVE;
				GCC_WARN_UNUSED_FUNCTION = YES;
				GCC_WARN_UNUSED_VARIABLE = YES;
				MACOSX_DEPLOYMENT_TARGET = 10.15;
				MTL_ENABLE_DEBUG_INFO = NO;
				MTL_FAST_MATH = YES;
				SDKROOT = macosx;
				SWIFT_COMPILATION_MODE = wholemodule;
				SWIFT_OPTIMIZATION_LEVEL = "-O";
			};
			name = Release;
		};
		04964E4126A6C5E600896762 /* Debug */ = {
			isa = XCBuildConfiguration;
			buildSettings = {
				CODE_SIGN_STYLE = Automatic;
				PRODUCT_NAME = "$(TARGET_NAME)";
				SWIFT_VERSION = 5.0;
			};
			name = Debug;
		};
		04964E4226A6C5E600896762 /* Release */ = {
			isa = XCBuildConfiguration;
			buildSettings = {
				CODE_SIGN_STYLE = Automatic;
				PRODUCT_NAME = "$(TARGET_NAME)";
				SWIFT_VERSION = 5.0;
			};
			name = Release;
		};
/* End XCBuildConfiguration section */

/* Begin XCConfigurationList section */
		04964E3426A6C5E600896762 /* Build configuration list for PBXProject "Hello Algorithm" */ = {
			isa = XCConfigurationList;
			buildConfigurations = (
				04964E3E26A6C5E600896762 /* Debug */,
				04964E3F26A6C5E600896762 /* Release */,
			);
			defaultConfigurationIsVisible = 0;
			defaultConfigurationName = Release;
		};
		04964E4026A6C5E600896762 /* Build configuration list for PBXNativeTarget "Hello Algorithm" */ = {
			isa = XCConfigurationList;
			buildConfigurations = (
				04964E4126A6C5E600896762 /* Debug */,
				04964E4226A6C5E600896762 /* Release */,
			);
			defaultConfigurationIsVisible = 0;
			defaultConfigurationName = Release;
		};
/* End XCConfigurationList section */
	};
	rootObject = 04964E3126A6C5E600896762 /* Project object */;
}
