// !$*UTF8*$!
{
	archiveVersion = 1;
	classes = {
	};
	objectVersion = 50;
	objects = {

/* Begin PBXBuildFile section */
		043B209D2685D78E009CAAE1 /* main.m in Sources */ = {isa = PBXBuildFile; fileRef = 043B209C2685D78E009CAAE1 /* main.m */; };
		043B20AD2685E5AD009CAAE1 /* main.m in Sources */ = {isa = PBXBuildFile; fileRef = 043B20AC2685E5AD009CAAE1 /* main.m */; };
		043B20B32685E6F1009CAAE1 /* GLPerson.m in Sources */ = {isa = PBXBuildFile; fileRef = 043B20A32685D7CB009CAAE1 /* GLPerson.m */; };
		043B20B82685E70C009CAAE1 /* GLPerson.m in Sources */ = {isa = PBXBuildFile; fileRef = 043B20B72685E70C009CAAE1 /* GLPerson.m */; };
		043B20BD26870775009CAAE1 /* GLCat.m in Sources */ = {isa = PBXBuildFile; fileRef = 043B20BC26870775009CAAE1 /* GLCat.m */; };
/* End PBXBuildFile section */

/* Begin PBXCopyFilesBuildPhase section */
		043B20982685D78E009CAAE1 /* CopyFiles */ = {
			isa = PBXCopyFilesBuildPhase;
			buildActionMask = 2147483647;
			dstPath = /usr/share/man/man1/;
			dstSubfolderSpec = 0;
			files = (
			);
			runOnlyForDeploymentPostprocessing = 1;
		};
		043B20A82685E5AD009CAAE1 /* CopyFiles */ = {
			isa = PBXCopyFilesBuildPhase;
			buildActionMask = 2147483647;
			dstPath = /usr/share/man/man1/;
			dstSubfolderSpec = 0;
			files = (
			);
			runOnlyForDeploymentPostprocessing = 1;
		};
/* End PBXCopyFilesBuildPhase section */

/* Begin PBXFileReference section */
		043B209A2685D78E009CAAE1 /* 动态方法解析 */ = {isa = PBXFileReference; explicitFileType = "compiled.mach-o.executable"; includeInIndex = 0; path = "动态方法解析"; sourceTree = BUILT_PRODUCTS_DIR; };
		043B209C2685D78E009CAAE1 /* main.m */ = {isa = PBXFileReference; lastKnownFileType = sourcecode.c.objc; path = main.m; sourceTree = "<group>"; };
		043B20A22685D7CB009CAAE1 /* GLPerson.h */ = {isa = PBXFileReference; lastKnownFileType = sourcecode.c.h; path = GLPerson.h; sourceTree = "<group>"; };
		043B20A32685D7CB009CAAE1 /* GLPerson.m */ = {isa = PBXFileReference; lastKnownFileType = sourcecode.c.objc; path = GLPerson.m; sourceTree = "<group>"; };
		043B20AA2685E5AD009CAAE1 /* 消息转发 */ = {isa = PBXFileReference; explicitFileType = "compiled.mach-o.executable"; includeInIndex = 0; path = "消息转发"; sourceTree = BUILT_PRODUCTS_DIR; };
		043B20AC2685E5AD009CAAE1 /* main.m */ = {isa = PBXFileReference; lastKnownFileType = sourcecode.c.objc; path = main.m; sourceTree = "<group>"; };
		043B20B62685E70C009CAAE1 /* GLPerson.h */ = {isa = PBXFileReference; fileEncoding = 4; lastKnownFileType = sourcecode.c.h; path = GLPerson.h; sourceTree = "<group>"; };
		043B20B72685E70C009CAAE1 /* GLPerson.m */ = {isa = PBXFileReference; fileEncoding = 4; lastKnownFileType = sourcecode.c.objc; path = GLPerson.m; sourceTree = "<group>"; };
		043B20BB26870775009CAAE1 /* GLCat.h */ = {isa = PBXFileReference; lastKnownFileType = sourcecode.c.h; path = GLCat.h; sourceTree = "<group>"; };
		043B20BC26870775009CAAE1 /* GLCat.m */ = {isa = PBXFileReference; lastKnownFileType = sourcecode.c.objc; path = GLCat.m; sourceTree = "<group>"; };
/* End PBXFileReference section */

/* Begin PBXFrameworksBuildPhase section */
		043B20972685D78E009CAAE1 /* Frameworks */ = {
			isa = PBXFrameworksBuildPhase;
			buildActionMask = 2147483647;
			files = (
			);
			runOnlyForDeploymentPostprocessing = 0;
		};
		043B20A72685E5AD009CAAE1 /* Frameworks */ = {
			isa = PBXFrameworksBuildPhase;
			buildActionMask = 2147483647;
			files = (
			);
			runOnlyForDeploymentPostprocessing = 0;
		};
/* End PBXFrameworksBuildPhase section */

/* Begin PBXGroup section */
		043B20822685D76B009CAAE1 = {
			isa = PBXGroup;
			children = (
				043B209B2685D78E009CAAE1 /* 动态方法解析 */,
				043B20AB2685E5AD009CAAE1 /* 消息转发 */,
				043B208C2685D76B009CAAE1 /* Products */,
			);
			sourceTree = "<group>";
		};
		043B208C2685D76B009CAAE1 /* Products */ = {
			isa = PBXGroup;
			children = (
				043B209A2685D78E009CAAE1 /* 动态方法解析 */,
				043B20AA2685E5AD009CAAE1 /* 消息转发 */,
			);
			name = Products;
			sourceTree = "<group>";
		};
		043B209B2685D78E009CAAE1 /* 动态方法解析 */ = {
			isa = PBXGroup;
			children = (
				043B20B62685E70C009CAAE1 /* GLPerson.h */,
				043B20B72685E70C009CAAE1 /* GLPerson.m */,
				043B209C2685D78E009CAAE1 /* main.m */,
			);
			path = "动态方法解析";
			sourceTree = "<group>";
		};
		043B20AB2685E5AD009CAAE1 /* 消息转发 */ = {
			isa = PBXGroup;
			children = (
				043B20A22685D7CB009CAAE1 /* GLPerson.h */,
				043B20A32685D7CB009CAAE1 /* GLPerson.m */,
				043B20AC2685E5AD009CAAE1 /* main.m */,
				043B20BB26870775009CAAE1 /* GLCat.h */,
				043B20BC26870775009CAAE1 /* GLCat.m */,
			);
			path = "消息转发";
			sourceTree = "<group>";
		};
/* End PBXGroup section */

/* Begin PBXNativeTarget section */
		043B20992685D78E009CAAE1 /* 动态方法解析 */ = {
			isa = PBXNativeTarget;
			buildConfigurationList = 043B209E2685D78E009CAAE1 /* Build configuration list for PBXNativeTarget "动态方法解析" */;
			buildPhases = (
				043B20962685D78E009CAAE1 /* Sources */,
				043B20972685D78E009CAAE1 /* Frameworks */,
				043B20982685D78E009CAAE1 /* CopyFiles */,
			);
			buildRules = (
			);
			dependencies = (
			);
			name = "动态方法解析";
			productName = "动态方法解析";
			productReference = 043B209A2685D78E009CAAE1 /* 动态方法解析 */;
			productType = "com.apple.product-type.tool";
		};
		043B20A92685E5AD009CAAE1 /* 消息转发 */ = {
			isa = PBXNativeTarget;
			buildConfigurationList = 043B20AE2685E5AD009CAAE1 /* Build configuration list for PBXNativeTarget "消息转发" */;
			buildPhases = (
				043B20A62685E5AD009CAAE1 /* Sources */,
				043B20A72685E5AD009CAAE1 /* Frameworks */,
				043B20A82685E5AD009CAAE1 /* CopyFiles */,
			);
			buildRules = (
			);
			dependencies = (
			);
			name = "消息转发";
			productName = "消息转发";
			productReference = 043B20AA2685E5AD009CAAE1 /* 消息转发 */;
			productType = "com.apple.product-type.tool";
		};
/* End PBXNativeTarget section */

/* Begin PBXProject section */
		043B20832685D76B009CAAE1 /* Project object */ = {
			isa = PBXProject;
			attributes = {
				LastUpgradeCheck = 1230;
				TargetAttributes = {
					043B20992685D78E009CAAE1 = {
						CreatedOnToolsVersion = 12.3;
					};
					043B20A92685E5AD009CAAE1 = {
						CreatedOnToolsVersion = 12.3;
					};
				};
			};
			buildConfigurationList = 043B20862685D76B009CAAE1 /* Build configuration list for PBXProject "10-objc_msgSend" */;
			compatibilityVersion = "Xcode 9.3";
			developmentRegion = en;
			hasScannedForEncodings = 0;
			knownRegions = (
				en,
				Base,
			);
			mainGroup = 043B20822685D76B009CAAE1;
			productRefGroup = 043B208C2685D76B009CAAE1 /* Products */;
			projectDirPath = "";
			projectRoot = "";
			targets = (
				043B20992685D78E009CAAE1 /* 动态方法解析 */,
				043B20A92685E5AD009CAAE1 /* 消息转发 */,
			);
		};
/* End PBXProject section */

/* Begin PBXSourcesBuildPhase section */
		043B20962685D78E009CAAE1 /* Sources */ = {
			isa = PBXSourcesBuildPhase;
			buildActionMask = 2147483647;
			files = (
				043B209D2685D78E009CAAE1 /* main.m in Sources */,
				043B20B82685E70C009CAAE1 /* GLPerson.m in Sources */,
			);
			runOnlyForDeploymentPostprocessing = 0;
		};
		043B20A62685E5AD009CAAE1 /* Sources */ = {
			isa = PBXSourcesBuildPhase;
			buildActionMask = 2147483647;
			files = (
				043B20BD26870775009CAAE1 /* GLCat.m in Sources */,
				043B20AD2685E5AD009CAAE1 /* main.m in Sources */,
				043B20B32685E6F1009CAAE1 /* GLPerson.m in Sources */,
			);
			runOnlyForDeploymentPostprocessing = 0;
		};
/* End PBXSourcesBuildPhase section */

/* Begin XCBuildConfiguration section */
		043B20902685D76B009CAAE1 /* Debug */ = {
			isa = XCBuildConfiguration;
			buildSettings = {
				ALWAYS_SEARCH_USER_PATHS = NO;
				CLANG_ANALYZER_NONNULL = YES;
				CLANG_ANALYZER_NUMBER_OBJECT_CONVERSION = YES_AGGRESSIVE;
				CLANG_CXX_LANGUAGE_STANDARD = "gnu++14";
				CLANG_CXX_LIBRARY = "libc++";
				CLANG_ENABLE_MODULES = YES;
				CLANG_ENABLE_OBJC_ARC = YES;
				CLANG_ENABLE_OBJC_WEAK = YES;
				CLANG_WARN_BLOCK_CAPTURE_AUTORELEASING = YES;
				CLANG_WARN_BOOL_CONVERSION = YES;
				CLANG_WARN_COMMA = YES;
				CLANG_WARN_CONSTANT_CONVERSION = YES;
				CLANG_WARN_DEPRECATED_OBJC_IMPLEMENTATIONS = YES;
				CLANG_WARN_DIRECT_OBJC_ISA_USAGE = YES_ERROR;
				CLANG_WARN_DOCUMENTATION_COMMENTS = YES;
				CLANG_WARN_EMPTY_BODY = YES;
				CLANG_WARN_ENUM_CONVERSION = YES;
				CLANG_WARN_INFINITE_RECURSION = YES;
				CLANG_WARN_INT_CONVERSION = YES;
				CLANG_WARN_NON_LITERAL_NULL_CONVERSION = YES;
				CLANG_WARN_OBJC_IMPLICIT_RETAIN_SELF = YES;
				CLANG_WARN_OBJC_LITERAL_CONVERSION = YES;
				CLANG_WARN_OBJC_ROOT_CLASS = YES_ERROR;
				CLANG_WARN_QUOTED_INCLUDE_IN_FRAMEWORK_HEADER = YES;
				CLANG_WARN_RANGE_LOOP_ANALYSIS = YES;
				CLANG_WARN_STRICT_PROTOTYPES = YES;
				CLANG_WARN_SUSPICIOUS_MOVE = YES;
				CLANG_WARN_UNGUARDED_AVAILABILITY = YES_AGGRESSIVE;
				CLANG_WARN_UNREACHABLE_CODE = YES;
				CLANG_WARN__DUPLICATE_METHOD_MATCH = YES;
				COPY_PHASE_STRIP = NO;
				DEBUG_INFORMATION_FORMAT = dwarf;
				ENABLE_STRICT_OBJC_MSGSEND = YES;
				ENABLE_TESTABILITY = YES;
				GCC_C_LANGUAGE_STANDARD = gnu11;
				GCC_DYNAMIC_NO_PIC = NO;
				GCC_NO_COMMON_BLOCKS = YES;
				GCC_OPTIMIZATION_LEVEL = 0;
				GCC_PREPROCESSOR_DEFINITIONS = (
					"DEBUG=1",
					"$(inherited)",
				);
				GCC_WARN_64_TO_32_BIT_CONVERSION = YES;
				GCC_WARN_ABOUT_RETURN_TYPE = YES_ERROR;
				GCC_WARN_UNDECLARED_SELECTOR = YES;
				GCC_WARN_UNINITIALIZED_AUTOS = YES_AGGRESSIVE;
				GCC_WARN_UNUSED_FUNCTION = YES;
				GCC_WARN_UNUSED_VARIABLE = YES;
				MACOSX_DEPLOYMENT_TARGET = 10.15;
				MTL_ENABLE_DEBUG_INFO = INCLUDE_SOURCE;
				MTL_FAST_MATH = YES;
				ONLY_ACTIVE_ARCH = YES;
				SDKROOT = macosx;
			};
			name = Debug;
		};
		043B20912685D76B009CAAE1 /* Release */ = {
			isa = XCBuildConfiguration;
			buildSettings = {
				ALWAYS_SEARCH_USER_PATHS = NO;
				CLANG_ANALYZER_NONNULL = YES;
				CLANG_ANALYZER_NUMBER_OBJECT_CONVERSION = YES_AGGRESSIVE;
				CLANG_CXX_LANGUAGE_STANDARD = "gnu++14";
				CLANG_CXX_LIBRARY = "libc++";
				CLANG_ENABLE_MODULES = YES;
				CLANG_ENABLE_OBJC_ARC = YES;
				CLANG_ENABLE_OBJC_WEAK = YES;
				CLANG_WARN_BLOCK_CAPTURE_AUTORELEASING = YES;
				CLANG_WARN_BOOL_CONVERSION = YES;
				CLANG_WARN_COMMA = YES;
				CLANG_WARN_CONSTANT_CONVERSION = YES;
				CLANG_WARN_DEPRECATED_OBJC_IMPLEMENTATIONS = YES;
				CLANG_WARN_DIRECT_OBJC_ISA_USAGE = YES_ERROR;
				CLANG_WARN_DOCUMENTATION_COMMENTS = YES;
				CLANG_WARN_EMPTY_BODY = YES;
				CLANG_WARN_ENUM_CONVERSION = YES;
				CLANG_WARN_INFINITE_RECURSION = YES;
				CLANG_WARN_INT_CONVERSION = YES;
				CLANG_WARN_NON_LITERAL_NULL_CONVERSION = YES;
				CLANG_WARN_OBJC_IMPLICIT_RETAIN_SELF = YES;
				CLANG_WARN_OBJC_LITERAL_CONVERSION = YES;
				CLANG_WARN_OBJC_ROOT_CLASS = YES_ERROR;
				CLANG_WARN_QUOTED_INCLUDE_IN_FRAMEWORK_HEADER = YES;
				CLANG_WARN_RANGE_LOOP_ANALYSIS = YES;
				CLANG_WARN_STRICT_PROTOTYPES = YES;
				CLANG_WARN_SUSPICIOUS_MOVE = YES;
				CLANG_WARN_UNGUARDED_AVAILABILITY = YES_AGGRESSIVE;
				CLANG_WARN_UNREACHABLE_CODE = YES;
				CLANG_WARN__DUPLICATE_METHOD_MATCH = YES;
				COPY_PHASE_STRIP = NO;
				DEBUG_INFORMATION_FORMAT = "dwarf-with-dsym";
				ENABLE_NS_ASSERTIONS = NO;
				ENABLE_STRICT_OBJC_MSGSEND = YES;
				GCC_C_LANGUAGE_STANDARD = gnu11;
				GCC_NO_COMMON_BLOCKS = YES;
				GCC_WARN_64_TO_32_BIT_CONVERSION = YES;
				GCC_WARN_ABOUT_RETURN_TYPE = YES_ERROR;
				GCC_WARN_UNDECLARED_SELECTOR = YES;
				GCC_WARN_UNINITIALIZED_AUTOS = YES_AGGRESSIVE;
				GCC_WARN_UNUSED_FUNCTION = YES;
				GCC_WARN_UNUSED_VARIABLE = YES;
				MACOSX_DEPLOYMENT_TARGET = 10.15;
				MTL_ENABLE_DEBUG_INFO = NO;
				MTL_FAST_MATH = YES;
				SDKROOT = macosx;
			};
			name = Release;
		};
		043B209F2685D78E009CAAE1 /* Debug */ = {
			isa = XCBuildConfiguration;
			buildSettings = {
				CODE_SIGN_STYLE = Automatic;
				PRODUCT_NAME = "$(TARGET_NAME)";
			};
			name = Debug;
		};
		043B20A02685D78E009CAAE1 /* Release */ = {
			isa = XCBuildConfiguration;
			buildSettings = {
				CODE_SIGN_STYLE = Automatic;
				PRODUCT_NAME = "$(TARGET_NAME)";
			};
			name = Release;
		};
		043B20AF2685E5AD009CAAE1 /* Debug */ = {
			isa = XCBuildConfiguration;
			buildSettings = {
				CODE_SIGN_STYLE = Automatic;
				PRODUCT_NAME = "$(TARGET_NAME)";
			};
			name = Debug;
		};
		043B20B02685E5AD009CAAE1 /* Release */ = {
			isa = XCBuildConfiguration;
			buildSettings = {
				CODE_SIGN_STYLE = Automatic;
				PRODUCT_NAME = "$(TARGET_NAME)";
			};
			name = Release;
		};
/* End XCBuildConfiguration section */

/* Begin XCConfigurationList section */
		043B20862685D76B009CAAE1 /* Build configuration list for PBXProject "10-objc_msgSend" */ = {
			isa = XCConfigurationList;
			buildConfigurations = (
				043B20902685D76B009CAAE1 /* Debug */,
				043B20912685D76B009CAAE1 /* Release */,
			);
			defaultConfigurationIsVisible = 0;
			defaultConfigurationName = Release;
		};
		043B209E2685D78E009CAAE1 /* Build configuration list for PBXNativeTarget "动态方法解析" */ = {
			isa = XCConfigurationList;
			buildConfigurations = (
				043B209F2685D78E009CAAE1 /* Debug */,
				043B20A02685D78E009CAAE1 /* Release */,
			);
			defaultConfigurationIsVisible = 0;
			defaultConfigurationName = Release;
		};
		043B20AE2685E5AD009CAAE1 /* Build configuration list for PBXNativeTarget "消息转发" */ = {
			isa = XCConfigurationList;
			buildConfigurations = (
				043B20AF2685E5AD009CAAE1 /* Debug */,
				043B20B02685E5AD009CAAE1 /* Release */,
			);
			defaultConfigurationIsVisible = 0;
			defaultConfigurationName = Release;
		};
/* End XCConfigurationList section */
	};
	rootObject = 043B20832685D76B009CAAE1 /* Project object */;
}
